
Microsoft Visual Studio Solution File, Format Version 12.00
# Visual Studio Version 17
VisualStudioVersion = 17.0.31903.59
MinimumVisualStudioVersion = 10.0.40219.1
Project("{FAE04EC0-301F-11D3-BF4B-00C04F79EFBC}") = "Задание 8. Работа с файловой системой", "Задание 8. Работа с файловой системой\Задание 8. Работа с файловой системой.csproj", "{1C43196E-91AF-4F42-95EA-4530C5DC2F73}"
EndProject
Project("{FAE04EC0-301F-11D3-BF4B-00C04F79EFBC}") = "10 случайных чисел", "10 случайных чисел\10 случайных чисел.csproj", "{50D05A66-26A3-4784-A876-DE3F18654AA6}"
EndProject
Global
	GlobalSection(SolutionConfigurationPlatforms) = preSolution
		Debug|Any CPU = Debug|Any CPU
		Release|Any CPU = Release|Any CPU
	EndGlobalSection
	GlobalSection(ProjectConfigurationPlatforms) = postSolution
		{1C43196E-91AF-4F42-95EA-4530C5DC2F73}.Debug|Any CPU.ActiveCfg = Debug|Any CPU
		{1C43196E-91AF-4F42-95EA-4530C5DC2F73}.Debug|Any CPU.Build.0 = Debug|Any CPU
		{1C43196E-91AF-4F42-95EA-4530C5DC2F73}.Release|Any CPU.ActiveCfg = Release|Any CPU
		{1C43196E-91AF-4F42-95EA-4530C5DC2F73}.Release|Any CPU.Build.0 = Release|Any CPU
		{50D05A66-26A3-4784-A876-DE3F18654AA6}.Debug|Any CPU.ActiveCfg = Debug|Any CPU
		{50D05A66-26A3-4784-A876-DE3F18654AA6}.Debug|Any CPU.Build.0 = Debug|Any CPU
		{50D05A66-26A3-4784-A876-DE3F18654AA6}.Release|Any CPU.ActiveCfg = Release|Any CPU
		{50D05A66-26A3-4784-A876-DE3F18654AA6}.Release|Any CPU.Build.0 = Release|Any CPU
	EndGlobalSection
	GlobalSection(SolutionProperties) = preSolution
		HideSolutionNode = FALSE
	EndGlobalSection
	GlobalSection(ExtensibilityGlobals) = postSolution
		SolutionGuid = {20601BFF-A875-46A6-8A3A-5C97092A8548}
	EndGlobalSection
EndGlobal
